
Microsoft Visual Studio Solution File, Format Version 12.00
Project("{FAE04EC0-301F-11D3-BF4B-00C04F79EFBC}") = "Narochno.EnvFile", "src\Narochno.EnvFile\Narochno.EnvFile.csproj", "{5642D270-E395-459C-943B-A495CD630B71}"
EndProject
Project("{FAE04EC0-301F-11D3-BF4B-00C04F79EFBC}") = "Narochno.EnvFile.Tests", "tests\Narochno.EnvFile.Tests\Narochno.EnvFile.Tests.csproj", "{51A7BB85-2267-4811-A289-46F9A348AAA1}"
EndProject
Global
	GlobalSection(SolutionConfigurationPlatforms) = preSolution
		Debug|Any CPU = Debug|Any CPU
		Release|Any CPU = Release|Any CPU
	EndGlobalSection
	GlobalSection(ProjectConfigurationPlatforms) = postSolution
		{5642D270-E395-459C-943B-A495CD630B71}.Debug|Any CPU.ActiveCfg = Debug|Any CPU
		{5642D270-E395-459C-943B-A495CD630B71}.Debug|Any CPU.Build.0 = Debug|Any CPU
		{5642D270-E395-459C-943B-A495CD630B71}.Release|Any CPU.ActiveCfg = Release|Any CPU
		{5642D270-E395-459C-943B-A495CD630B71}.Release|Any CPU.Build.0 = Release|Any CPU
		{51A7BB85-2267-4811-A289-46F9A348AAA1}.Debug|Any CPU.ActiveCfg = Debug|Any CPU
		{51A7BB85-2267-4811-A289-46F9A348AAA1}.Debug|Any CPU.Build.0 = Debug|Any CPU
		{51A7BB85-2267-4811-A289-46F9A348AAA1}.Release|Any CPU.ActiveCfg = Release|Any CPU
		{51A7BB85-2267-4811-A289-46F9A348AAA1}.Release|Any CPU.Build.0 = Release|Any CPU
	EndGlobalSection
EndGlobal
